PODS:
  - Bolts/Tasks (1.9.1)
  - IQKeyboardManager (6.5.5)
  - Parse (1.18.0):
    - Parse/Core (= 1.18.0)
  - Parse/Core (1.18.0):
    - Bolts/Tasks (= 1.9.1)

DEPENDENCIES:
  - IQKeyboardManager
  - Parse

SPEC REPOS:
  trunk:
    - Bolts
    - IQKeyboardManager
    - Parse

SPEC CHECKSUMS:
  Bolts: 8c1e8aab2f603387b8b9924f57d1d64f43d3ffdc
  IQKeyboardManager: 3a8b9e603f8b0eeaf5f096a1f2b2cfcf121992ef
  Parse: 79bdda34fdb7eb2a707a43a951c8aae236cb3e34

PODFILE CHECKSUM: 942ef2b5dcf8aafb7c0055be5486e946f3a8811d

COCOAPODS: 1.9.3
